
Microsoft Visual Studio Solution File, Format Version 12.00
# Visual Studio Version 17
VisualStudioVersion = 17.0.31903.59
MinimumVisualStudioVersion = 10.0.40219.1
Project("{FAE04EC0-301F-11D3-BF4B-00C04F79EFBC}") = "Backtesting.Mvp", "Backtesting.Mvp\Backtesting.Mvp.csproj", "{5C962ABD-3DE1-4635-92E0-DCD26638D006}"
EndProject
Project("{FAE04EC0-301F-11D3-BF4B-00C04F79EFBC}") = "Backtesting.Mvp.Cli", "Backtesting.Mvp.Cli\Backtesting.Mvp.Cli.csproj", "{2334FE62-F203-4244-9D57-17A40C5B8A3B}"
EndProject
Project("{FAE04EC0-301F-11D3-BF4B-00C04F79EFBC}") = "Backtesting.Mvp.Tests", "Backtesting.Mvp.Tests\Backtesting.Mvp.Tests.csproj", "{DCBB24E8-A453-4EEE-B357-29506A35BAEF}"
EndProject
Global
	GlobalSection(SolutionConfigurationPlatforms) = preSolution
		Debug|Any CPU = Debug|Any CPU
		Debug|x64 = Debug|x64
		Debug|x86 = Debug|x86
		Release|Any CPU = Release|Any CPU
		Release|x64 = Release|x64
		Release|x86 = Release|x86
	EndGlobalSection
	GlobalSection(ProjectConfigurationPlatforms) = postSolution
		{5C962ABD-3DE1-4635-92E0-DCD26638D006}.Debug|Any CPU.ActiveCfg = Debug|Any CPU
		{5C962ABD-3DE1-4635-92E0-DCD26638D006}.Debug|Any CPU.Build.0 = Debug|Any CPU
		{5C962ABD-3DE1-4635-92E0-DCD26638D006}.Debug|x64.ActiveCfg = Debug|Any CPU
		{5C962ABD-3DE1-4635-92E0-DCD26638D006}.Debug|x64.Build.0 = Debug|Any CPU
		{5C962ABD-3DE1-4635-92E0-DCD26638D006}.Debug|x86.ActiveCfg = Debug|Any CPU
		{5C962ABD-3DE1-4635-92E0-DCD26638D006}.Debug|x86.Build.0 = Debug|Any CPU
		{5C962ABD-3DE1-4635-92E0-DCD26638D006}.Release|Any CPU.ActiveCfg = Release|Any CPU
		{5C962ABD-3DE1-4635-92E0-DCD26638D006}.Release|Any CPU.Build.0 = Release|Any CPU
		{5C962ABD-3DE1-4635-92E0-DCD26638D006}.Release|x64.ActiveCfg = Release|Any CPU
		{5C962ABD-3DE1-4635-92E0-DCD26638D006}.Release|x64.Build.0 = Release|Any CPU
		{5C962ABD-3DE1-4635-92E0-DCD26638D006}.Release|x86.ActiveCfg = Release|Any CPU
		{5C962ABD-3DE1-4635-92E0-DCD26638D006}.Release|x86.Build.0 = Release|Any CPU
		{2334FE62-F203-4244-9D57-17A40C5B8A3B}.Debug|Any CPU.ActiveCfg = Debug|Any CPU
		{2334FE62-F203-4244-9D57-17A40C5B8A3B}.Debug|Any CPU.Build.0 = Debug|Any CPU
		{2334FE62-F203-4244-9D57-17A40C5B8A3B}.Debug|x64.ActiveCfg = Debug|Any CPU
		{2334FE62-F203-4244-9D57-17A40C5B8A3B}.Debug|x64.Build.0 = Debug|Any CPU
		{2334FE62-F203-4244-9D57-17A40C5B8A3B}.Debug|x86.ActiveCfg = Debug|Any CPU
		{2334FE62-F203-4244-9D57-17A40C5B8A3B}.Debug|x86.Build.0 = Debug|Any CPU
		{2334FE62-F203-4244-9D57-17A40C5B8A3B}.Release|Any CPU.ActiveCfg = Release|Any CPU
		{2334FE62-F203-4244-9D57-17A40C5B8A3B}.Release|Any CPU.Build.0 = Release|Any CPU
		{2334FE62-F203-4244-9D57-17A40C5B8A3B}.Release|x64.ActiveCfg = Release|Any CPU
		{2334FE62-F203-4244-9D57-17A40C5B8A3B}.Release|x64.Build.0 = Release|Any CPU
		{2334FE62-F203-4244-9D57-17A40C5B8A3B}.Release|x86.ActiveCfg = Release|Any CPU
		{2334FE62-F203-4244-9D57-17A40C5B8A3B}.Release|x86.Build.0 = Release|Any CPU
		{DCBB24E8-A453-4EEE-B357-29506A35BAEF}.Debug|Any CPU.ActiveCfg = Debug|Any CPU
		{DCBB24E8-A453-4EEE-B357-29506A35BAEF}.Debug|Any CPU.Build.0 = Debug|Any CPU
		{DCBB24E8-A453-4EEE-B357-29506A35BAEF}.Debug|x64.ActiveCfg = Debug|Any CPU
		{DCBB24E8-A453-4EEE-B357-29506A35BAEF}.Debug|x64.Build.0 = Debug|Any CPU
		{DCBB24E8-A453-4EEE-B357-29506A35BAEF}.Debug|x86.ActiveCfg = Debug|Any CPU
		{DCBB24E8-A453-4EEE-B357-29506A35BAEF}.Debug|x86.Build.0 = Debug|Any CPU
		{DCBB24E8-A453-4EEE-B357-29506A35BAEF}.Release|Any CPU.ActiveCfg = Release|Any CPU
		{DCBB24E8-A453-4EEE-B357-29506A35BAEF}.Release|Any CPU.Build.0 = Release|Any CPU
		{DCBB24E8-A453-4EEE-B357-29506A35BAEF}.Release|x64.ActiveCfg = Release|Any CPU
		{DCBB24E8-A453-4EEE-B357-29506A35BAEF}.Release|x64.Build.0 = Release|Any CPU
		{DCBB24E8-A453-4EEE-B357-29506A35BAEF}.Release|x86.ActiveCfg = Release|Any CPU
		{DCBB24E8-A453-4EEE-B357-29506A35BAEF}.Release|x86.Build.0 = Release|Any CPU
	EndGlobalSection
	GlobalSection(SolutionProperties) = preSolution
		HideSolutionNode = FALSE
	EndGlobalSection
EndGlobal
