
Microsoft Visual Studio Solution File, Format Version 12.00
# Visual Studio Version 17
VisualStudioVersion = 17.7.34202.233
MinimumVisualStudioVersion = 10.0.40219.1
Project("{FAE04EC0-301F-11D3-BF4B-00C04F79EFBC}") = "TradingAssistant", "TradingAssistant\TradingAssistant.csproj", "{E04CBC89-C85B-4605-9D8B-F49BF807894E}"
EndProject
Project("{FAE04EC0-301F-11D3-BF4B-00C04F79EFBC}") = "TradingAssistant.Domain", "TradingAssistant.Domain\TradingAssistant.Domain.csproj", "{1987EAD7-4B6B-46CB-AD92-B72A3992BF55}"
EndProject
Project("{FAE04EC0-301F-11D3-BF4B-00C04F79EFBC}") = "TradingAssistant.Application", "TradingAssistant.Application\TradingAssistant.Application.csproj", "{01EEF1C5-B554-492A-B0FD-FDE8A9BF2733}"
EndProject
Project("{FAE04EC0-301F-11D3-BF4B-00C04F79EFBC}") = "TradingAssistant.Infrastructure", "TradingAssistant.Infrastructure\TradingAssistant.Infrastructure.csproj", "{97002530-0BEB-4A8D-866D-1C64BAA0823D}"
EndProject
Project("{FAE04EC0-301F-11D3-BF4B-00C04F79EFBC}") = "TradingAssistant.Worker", "TradingAssistant.Worker\TradingAssistant.Worker.csproj", "{F7235FD4-5708-4082-A1CA-606E26327FB3}"
EndProject
Project("{FAE04EC0-301F-11D3-BF4B-00C04F79EFBC}") = "CandlestickData.Domain", "CandlestickData.Domain\CandlestickData.Domain.csproj", "{2293E8B4-1947-4E13-95F9-F84DCD0B314E}"
EndProject
Project("{FAE04EC0-301F-11D3-BF4B-00C04F79EFBC}") = "CandlestickData.Application", "CandlestickData.Application\CandlestickData.Application.csproj", "{F967971C-3676-4CCF-B9D6-7BC0226A10DB}"
EndProject
Project("{FAE04EC0-301F-11D3-BF4B-00C04F79EFBC}") = "CandlestickData.Infrastructure", "CandlestickData.Infrastructure\CandlestickData.Infrastructure.csproj", "{AEEF795D-E700-44B6-9E0C-FDF5FF678BE2}"
EndProject
Project("{FAE04EC0-301F-11D3-BF4B-00C04F79EFBC}") = "CandlestickData.Api", "CandlestickData.Api\CandlestickData.Api.csproj", "{9639EAC2-DFC4-4D5A-810B-1B2C202B7DE3}"
EndProject
Project("{FAE04EC0-301F-11D3-BF4B-00C04F79EFBC}") = "CandlestickData.Tests", "CandlestickData.Tests\CandlestickData.Tests.csproj", "{A768016B-6584-4727-BAF8-EAF1CAB7BCDA}"
EndProject
Global
	GlobalSection(SolutionConfigurationPlatforms) = preSolution
		Debug|Any CPU = Debug|Any CPU
		Debug|x64 = Debug|x64
		Debug|x86 = Debug|x86
		Release|Any CPU = Release|Any CPU
		Release|x64 = Release|x64
		Release|x86 = Release|x86
	EndGlobalSection
	GlobalSection(ProjectConfigurationPlatforms) = postSolution
		{E04CBC89-C85B-4605-9D8B-F49BF807894E}.Debug|Any CPU.ActiveCfg = Debug|Any CPU
		{E04CBC89-C85B-4605-9D8B-F49BF807894E}.Debug|Any CPU.Build.0 = Debug|Any CPU
		{E04CBC89-C85B-4605-9D8B-F49BF807894E}.Debug|x64.ActiveCfg = Debug|Any CPU
		{E04CBC89-C85B-4605-9D8B-F49BF807894E}.Debug|x64.Build.0 = Debug|Any CPU
		{E04CBC89-C85B-4605-9D8B-F49BF807894E}.Debug|x86.ActiveCfg = Debug|Any CPU
		{E04CBC89-C85B-4605-9D8B-F49BF807894E}.Debug|x86.Build.0 = Debug|Any CPU
		{E04CBC89-C85B-4605-9D8B-F49BF807894E}.Release|Any CPU.ActiveCfg = Release|Any CPU
		{E04CBC89-C85B-4605-9D8B-F49BF807894E}.Release|Any CPU.Build.0 = Release|Any CPU
		{E04CBC89-C85B-4605-9D8B-F49BF807894E}.Release|x64.ActiveCfg = Release|Any CPU
		{E04CBC89-C85B-4605-9D8B-F49BF807894E}.Release|x64.Build.0 = Release|Any CPU
		{E04CBC89-C85B-4605-9D8B-F49BF807894E}.Release|x86.ActiveCfg = Release|Any CPU
		{E04CBC89-C85B-4605-9D8B-F49BF807894E}.Release|x86.Build.0 = Release|Any CPU
		{1987EAD7-4B6B-46CB-AD92-B72A3992BF55}.Debug|Any CPU.ActiveCfg = Debug|Any CPU
		{1987EAD7-4B6B-46CB-AD92-B72A3992BF55}.Debug|Any CPU.Build.0 = Debug|Any CPU
		{1987EAD7-4B6B-46CB-AD92-B72A3992BF55}.Debug|x64.ActiveCfg = Debug|Any CPU
		{1987EAD7-4B6B-46CB-AD92-B72A3992BF55}.Debug|x64.Build.0 = Debug|Any CPU
		{1987EAD7-4B6B-46CB-AD92-B72A3992BF55}.Debug|x86.ActiveCfg = Debug|Any CPU
		{1987EAD7-4B6B-46CB-AD92-B72A3992BF55}.Debug|x86.Build.0 = Debug|Any CPU
		{1987EAD7-4B6B-46CB-AD92-B72A3992BF55}.Release|Any CPU.ActiveCfg = Release|Any CPU
		{1987EAD7-4B6B-46CB-AD92-B72A3992BF55}.Release|Any CPU.Build.0 = Release|Any CPU
		{1987EAD7-4B6B-46CB-AD92-B72A3992BF55}.Release|x64.ActiveCfg = Release|Any CPU
		{1987EAD7-4B6B-46CB-AD92-B72A3992BF55}.Release|x64.Build.0 = Release|Any CPU
		{1987EAD7-4B6B-46CB-AD92-B72A3992BF55}.Release|x86.ActiveCfg = Release|Any CPU
		{1987EAD7-4B6B-46CB-AD92-B72A3992BF55}.Release|x86.Build.0 = Release|Any CPU
		{01EEF1C5-B554-492A-B0FD-FDE8A9BF2733}.Debug|Any CPU.ActiveCfg = Debug|Any CPU
		{01EEF1C5-B554-492A-B0FD-FDE8A9BF2733}.Debug|Any CPU.Build.0 = Debug|Any CPU
		{01EEF1C5-B554-492A-B0FD-FDE8A9BF2733}.Debug|x64.ActiveCfg = Debug|Any CPU
		{01EEF1C5-B554-492A-B0FD-FDE8A9BF2733}.Debug|x64.Build.0 = Debug|Any CPU
		{01EEF1C5-B554-492A-B0FD-FDE8A9BF2733}.Debug|x86.ActiveCfg = Debug|Any CPU
		{01EEF1C5-B554-492A-B0FD-FDE8A9BF2733}.Debug|x86.Build.0 = Debug|Any CPU
		{01EEF1C5-B554-492A-B0FD-FDE8A9BF2733}.Release|Any CPU.ActiveCfg = Release|Any CPU
		{01EEF1C5-B554-492A-B0FD-FDE8A9BF2733}.Release|Any CPU.Build.0 = Release|Any CPU
		{01EEF1C5-B554-492A-B0FD-FDE8A9BF2733}.Release|x64.ActiveCfg = Release|Any CPU
		{01EEF1C5-B554-492A-B0FD-FDE8A9BF2733}.Release|x64.Build.0 = Release|Any CPU
		{01EEF1C5-B554-492A-B0FD-FDE8A9BF2733}.Release|x86.ActiveCfg = Release|Any CPU
		{01EEF1C5-B554-492A-B0FD-FDE8A9BF2733}.Release|x86.Build.0 = Release|Any CPU
		{97002530-0BEB-4A8D-866D-1C64BAA0823D}.Debug|Any CPU.ActiveCfg = Debug|Any CPU
		{97002530-0BEB-4A8D-866D-1C64BAA0823D}.Debug|Any CPU.Build.0 = Debug|Any CPU
		{97002530-0BEB-4A8D-866D-1C64BAA0823D}.Debug|x64.ActiveCfg = Debug|Any CPU
		{97002530-0BEB-4A8D-866D-1C64BAA0823D}.Debug|x64.Build.0 = Debug|Any CPU
		{97002530-0BEB-4A8D-866D-1C64BAA0823D}.Debug|x86.ActiveCfg = Debug|Any CPU
		{97002530-0BEB-4A8D-866D-1C64BAA0823D}.Debug|x86.Build.0 = Debug|Any CPU
		{97002530-0BEB-4A8D-866D-1C64BAA0823D}.Release|Any CPU.ActiveCfg = Release|Any CPU
		{97002530-0BEB-4A8D-866D-1C64BAA0823D}.Release|Any CPU.Build.0 = Release|Any CPU
		{97002530-0BEB-4A8D-866D-1C64BAA0823D}.Release|x64.ActiveCfg = Release|Any CPU
		{97002530-0BEB-4A8D-866D-1C64BAA0823D}.Release|x64.Build.0 = Release|Any CPU
		{97002530-0BEB-4A8D-866D-1C64BAA0823D}.Release|x86.ActiveCfg = Release|Any CPU
		{97002530-0BEB-4A8D-866D-1C64BAA0823D}.Release|x86.Build.0 = Release|Any CPU
		{F7235FD4-5708-4082-A1CA-606E26327FB3}.Debug|Any CPU.ActiveCfg = Debug|Any CPU
		{F7235FD4-5708-4082-A1CA-606E26327FB3}.Debug|Any CPU.Build.0 = Debug|Any CPU
		{F7235FD4-5708-4082-A1CA-606E26327FB3}.Debug|x64.ActiveCfg = Debug|Any CPU
		{F7235FD4-5708-4082-A1CA-606E26327FB3}.Debug|x64.Build.0 = Debug|Any CPU
		{F7235FD4-5708-4082-A1CA-606E26327FB3}.Debug|x86.ActiveCfg = Debug|Any CPU
		{F7235FD4-5708-4082-A1CA-606E26327FB3}.Debug|x86.Build.0 = Debug|Any CPU
		{F7235FD4-5708-4082-A1CA-606E26327FB3}.Release|Any CPU.ActiveCfg = Release|Any CPU
		{F7235FD4-5708-4082-A1CA-606E26327FB3}.Release|Any CPU.Build.0 = Release|Any CPU
		{F7235FD4-5708-4082-A1CA-606E26327FB3}.Release|x64.ActiveCfg = Release|Any CPU
		{F7235FD4-5708-4082-A1CA-606E26327FB3}.Release|x64.Build.0 = Release|Any CPU
		{F7235FD4-5708-4082-A1CA-606E26327FB3}.Release|x86.ActiveCfg = Release|Any CPU
		{F7235FD4-5708-4082-A1CA-606E26327FB3}.Release|x86.Build.0 = Release|Any CPU
		{2293E8B4-1947-4E13-95F9-F84DCD0B314E}.Debug|Any CPU.ActiveCfg = Debug|Any CPU
		{2293E8B4-1947-4E13-95F9-F84DCD0B314E}.Debug|Any CPU.Build.0 = Debug|Any CPU
		{2293E8B4-1947-4E13-95F9-F84DCD0B314E}.Debug|x64.ActiveCfg = Debug|Any CPU
		{2293E8B4-1947-4E13-95F9-F84DCD0B314E}.Debug|x64.Build.0 = Debug|Any CPU
		{2293E8B4-1947-4E13-95F9-F84DCD0B314E}.Debug|x86.ActiveCfg = Debug|Any CPU
		{2293E8B4-1947-4E13-95F9-F84DCD0B314E}.Debug|x86.Build.0 = Debug|Any CPU
		{2293E8B4-1947-4E13-95F9-F84DCD0B314E}.Release|Any CPU.ActiveCfg = Release|Any CPU
		{2293E8B4-1947-4E13-95F9-F84DCD0B314E}.Release|Any CPU.Build.0 = Release|Any CPU
		{2293E8B4-1947-4E13-95F9-F84DCD0B314E}.Release|x64.ActiveCfg = Release|Any CPU
		{2293E8B4-1947-4E13-95F9-F84DCD0B314E}.Release|x64.Build.0 = Release|Any CPU
		{2293E8B4-1947-4E13-95F9-F84DCD0B314E}.Release|x86.ActiveCfg = Release|Any CPU
		{2293E8B4-1947-4E13-95F9-F84DCD0B314E}.Release|x86.Build.0 = Release|Any CPU
		{F967971C-3676-4CCF-B9D6-7BC0226A10DB}.Debug|Any CPU.ActiveCfg = Debug|Any CPU
		{F967971C-3676-4CCF-B9D6-7BC0226A10DB}.Debug|Any CPU.Build.0 = Debug|Any CPU
		{F967971C-3676-4CCF-B9D6-7BC0226A10DB}.Debug|x64.ActiveCfg = Debug|Any CPU
		{F967971C-3676-4CCF-B9D6-7BC0226A10DB}.Debug|x64.Build.0 = Debug|Any CPU
		{F967971C-3676-4CCF-B9D6-7BC0226A10DB}.Debug|x86.ActiveCfg = Debug|Any CPU
		{F967971C-3676-4CCF-B9D6-7BC0226A10DB}.Debug|x86.Build.0 = Debug|Any CPU
		{F967971C-3676-4CCF-B9D6-7BC0226A10DB}.Release|Any CPU.ActiveCfg = Release|Any CPU
		{F967971C-3676-4CCF-B9D6-7BC0226A10DB}.Release|Any CPU.Build.0 = Release|Any CPU
		{F967971C-3676-4CCF-B9D6-7BC0226A10DB}.Release|x64.ActiveCfg = Release|Any CPU
		{F967971C-3676-4CCF-B9D6-7BC0226A10DB}.Release|x64.Build.0 = Release|Any CPU
		{F967971C-3676-4CCF-B9D6-7BC0226A10DB}.Release|x86.ActiveCfg = Release|Any CPU
		{F967971C-3676-4CCF-B9D6-7BC0226A10DB}.Release|x86.Build.0 = Release|Any CPU
		{AEEF795D-E700-44B6-9E0C-FDF5FF678BE2}.Debug|Any CPU.ActiveCfg = Debug|Any CPU
		{AEEF795D-E700-44B6-9E0C-FDF5FF678BE2}.Debug|Any CPU.Build.0 = Debug|Any CPU
		{AEEF795D-E700-44B6-9E0C-FDF5FF678BE2}.Debug|x64.ActiveCfg = Debug|Any CPU
		{AEEF795D-E700-44B6-9E0C-FDF5FF678BE2}.Debug|x64.Build.0 = Debug|Any CPU
		{AEEF795D-E700-44B6-9E0C-FDF5FF678BE2}.Debug|x86.ActiveCfg = Debug|Any CPU
		{AEEF795D-E700-44B6-9E0C-FDF5FF678BE2}.Debug|x86.Build.0 = Debug|Any CPU
		{AEEF795D-E700-44B6-9E0C-FDF5FF678BE2}.Release|Any CPU.ActiveCfg = Release|Any CPU
		{AEEF795D-E700-44B6-9E0C-FDF5FF678BE2}.Release|Any CPU.Build.0 = Release|Any CPU
		{AEEF795D-E700-44B6-9E0C-FDF5FF678BE2}.Release|x64.ActiveCfg = Release|Any CPU
		{AEEF795D-E700-44B6-9E0C-FDF5FF678BE2}.Release|x64.Build.0 = Release|Any CPU
		{AEEF795D-E700-44B6-9E0C-FDF5FF678BE2}.Release|x86.ActiveCfg = Release|Any CPU
		{AEEF795D-E700-44B6-9E0C-FDF5FF678BE2}.Release|x86.Build.0 = Release|Any CPU
		{9639EAC2-DFC4-4D5A-810B-1B2C202B7DE3}.Debug|Any CPU.ActiveCfg = Debug|Any CPU
		{9639EAC2-DFC4-4D5A-810B-1B2C202B7DE3}.Debug|Any CPU.Build.0 = Debug|Any CPU
		{9639EAC2-DFC4-4D5A-810B-1B2C202B7DE3}.Debug|x64.ActiveCfg = Debug|Any CPU
		{9639EAC2-DFC4-4D5A-810B-1B2C202B7DE3}.Debug|x64.Build.0 = Debug|Any CPU
		{9639EAC2-DFC4-4D5A-810B-1B2C202B7DE3}.Debug|x86.ActiveCfg = Debug|Any CPU
		{9639EAC2-DFC4-4D5A-810B-1B2C202B7DE3}.Debug|x86.Build.0 = Debug|Any CPU
		{9639EAC2-DFC4-4D5A-810B-1B2C202B7DE3}.Release|Any CPU.ActiveCfg = Release|Any CPU
		{9639EAC2-DFC4-4D5A-810B-1B2C202B7DE3}.Release|Any CPU.Build.0 = Release|Any CPU
		{9639EAC2-DFC4-4D5A-810B-1B2C202B7DE3}.Release|x64.ActiveCfg = Release|Any CPU
		{9639EAC2-DFC4-4D5A-810B-1B2C202B7DE3}.Release|x64.Build.0 = Release|Any CPU
		{9639EAC2-DFC4-4D5A-810B-1B2C202B7DE3}.Release|x86.ActiveCfg = Release|Any CPU
		{9639EAC2-DFC4-4D5A-810B-1B2C202B7DE3}.Release|x86.Build.0 = Release|Any CPU
		{A768016B-6584-4727-BAF8-EAF1CAB7BCDA}.Debug|Any CPU.ActiveCfg = Debug|Any CPU
		{A768016B-6584-4727-BAF8-EAF1CAB7BCDA}.Debug|Any CPU.Build.0 = Debug|Any CPU
		{A768016B-6584-4727-BAF8-EAF1CAB7BCDA}.Debug|x64.ActiveCfg = Debug|Any CPU
		{A768016B-6584-4727-BAF8-EAF1CAB7BCDA}.Debug|x64.Build.0 = Debug|Any CPU
		{A768016B-6584-4727-BAF8-EAF1CAB7BCDA}.Debug|x86.ActiveCfg = Debug|Any CPU
		{A768016B-6584-4727-BAF8-EAF1CAB7BCDA}.Debug|x86.Build.0 = Debug|Any CPU
		{A768016B-6584-4727-BAF8-EAF1CAB7BCDA}.Release|Any CPU.ActiveCfg = Release|Any CPU
		{A768016B-6584-4727-BAF8-EAF1CAB7BCDA}.Release|Any CPU.Build.0 = Release|Any CPU
		{A768016B-6584-4727-BAF8-EAF1CAB7BCDA}.Release|x64.ActiveCfg = Release|Any CPU
		{A768016B-6584-4727-BAF8-EAF1CAB7BCDA}.Release|x64.Build.0 = Release|Any CPU
		{A768016B-6584-4727-BAF8-EAF1CAB7BCDA}.Release|x86.ActiveCfg = Release|Any CPU
		{A768016B-6584-4727-BAF8-EAF1CAB7BCDA}.Release|x86.Build.0 = Release|Any CPU
	EndGlobalSection
	GlobalSection(SolutionProperties) = preSolution
		HideSolutionNode = FALSE
	EndGlobalSection
	GlobalSection(ExtensibilityGlobals) = postSolution
		SolutionGuid = {87E62B00-AD7A-4D92-8360-6674C2B534E8}
	EndGlobalSection
EndGlobal
